{
  "nodes": {
    "alt_artiq": {
      "inputs": {
        "artiq-comtools": "artiq-comtools",
        "mozilla-overlay": "mozilla-overlay",
        "nixpkgs": [
          "nixpkgs"
        ],
        "sipyco": "sipyco",
        "src-migen": "src-migen",
        "src-misoc": "src-misoc",
        "src-pythonparser": "src-pythonparser"
      },
      "locked": {
        "lastModified": 1709223631,
        "narHash": "sha256-1/k7jlewV5DaIDiPnbec6eoDIiIIToJSxTwb2sLUZAo=",
        "ref": "icl",
        "rev": "52420bba40d8d181c1554664a1344eaef5f743eb",
        "revCount": 8682,
        "type": "git",
        "url": "https://gitlab.com/aion-physics/code/artiq/forks/artiq_fork.git"
      },
      "original": {
        "ref": "icl",
        "type": "git",
        "url": "https://gitlab.com/aion-physics/code/artiq/forks/artiq_fork.git"
      }
    },
    "artiq-comtools": {
      "inputs": {
        "flake-utils": "flake-utils",
        "nixpkgs": [
          "alt_artiq",
          "nixpkgs"
        ],
        "sipyco": [
          "alt_artiq",
          "sipyco"
        ]
      },
      "locked": {
        "lastModified": 1701573753,
        "narHash": "sha256-vhEtXjb9AM6/HnsgfVmhJQeqQ9JqysUm7iWNzTIbexs=",
        "owner": "m-labs",
        "repo": "artiq-comtools",
        "rev": "199bdabf4de49cb7ada8a4ac7133008e0f8434b7",
        "type": "github"
      },
      "original": {
        "owner": "m-labs",
        "repo": "artiq-comtools",
        "type": "github"
      }
    },
    "flake-utils": {
      "inputs": {
        "systems": "systems"
      },
      "locked": {
        "lastModified": 1694529238,
        "narHash": "sha256-zsNZZGTGnMOf9YpHKJqMSsa0dXbfmxeoJ7xHlrt+xmY=",
        "owner": "numtide",
        "repo": "flake-utils",
        "rev": "ff7b65b44d01cf9ba6a71320833626af21126384",
        "type": "github"
      },
      "original": {
        "owner": "numtide",
        "repo": "flake-utils",
        "type": "github"
      }
    },
    "flake-utils_2": {
      "inputs": {
        "systems": "systems_2"
      },
      "locked": {
        "lastModified": 1694529238,
        "narHash": "sha256-zsNZZGTGnMOf9YpHKJqMSsa0dXbfmxeoJ7xHlrt+xmY=",
        "owner": "numtide",
        "repo": "flake-utils",
        "rev": "ff7b65b44d01cf9ba6a71320833626af21126384",
        "type": "github"
      },
      "original": {
        "id": "flake-utils",
        "type": "indirect"
      }
    },
    "flake-utils_3": {
      "inputs": {
        "systems": "systems_3"
      },
      "locked": {
        "lastModified": 1694529238,
        "narHash": "sha256-zsNZZGTGnMOf9YpHKJqMSsa0dXbfmxeoJ7xHlrt+xmY=",
        "owner": "numtide",
        "repo": "flake-utils",
        "rev": "ff7b65b44d01cf9ba6a71320833626af21126384",
        "type": "github"
      },
      "original": {
        "owner": "numtide",
        "repo": "flake-utils",
        "type": "github"
      }
    },
    "flake-utils_4": {
      "inputs": {
        "systems": "systems_4"
      },
      "locked": {
        "lastModified": 1689068808,
        "narHash": "sha256-6ixXo3wt24N/melDWjq70UuHQLxGV8jZvooRanIHXw0=",
        "owner": "numtide",
        "repo": "flake-utils",
        "rev": "919d646de7be200f3bf08cb76ae1f09402b6f9b4",
        "type": "github"
      },
      "original": {
        "owner": "numtide",
        "repo": "flake-utils",
        "type": "github"
      }
    },
    "mozilla-overlay": {
      "flake": false,
      "locked": {
        "lastModified": 1704373101,
        "narHash": "sha256-+gi59LRWRQmwROrmE1E2b3mtocwueCQqZ60CwLG+gbg=",
        "owner": "mozilla",
        "repo": "nixpkgs-mozilla",
        "rev": "9b11a87c0cc54e308fa83aac5b4ee1816d5418a2",
        "type": "github"
      },
      "original": {
        "owner": "mozilla",
        "repo": "nixpkgs-mozilla",
        "type": "github"
      }
    },
    "nix-github-actions": {
      "inputs": {
        "nixpkgs": [
          "pyaion",
          "poetry2nix",
          "nixpkgs"
        ]
      },
      "locked": {
        "lastModified": 1688870561,
        "narHash": "sha256-4UYkifnPEw1nAzqqPOTL2MvWtm3sNGw1UTYTalkTcGY=",
        "owner": "nix-community",
        "repo": "nix-github-actions",
        "rev": "165b1650b753316aa7f1787f3005a8d2da0f5301",
        "type": "github"
      },
      "original": {
        "owner": "nix-community",
        "repo": "nix-github-actions",
        "type": "github"
      }
    },
    "nixpkgs": {
      "locked": {
        "lastModified": 1696374741,
        "narHash": "sha256-gt8B3G0ryizT9HSB4cCO8QoxdbsHnrQH+/BdKxOwqF0=",
        "owner": "NixOS",
        "repo": "nixpkgs",
        "rev": "8a4c17493e5c39769f79117937c79e1c88de6729",
        "type": "github"
      },
      "original": {
        "owner": "NixOS",
        "ref": "nixos-23.05",
        "repo": "nixpkgs",
        "type": "github"
      }
    },
    "poetry2nix": {
      "inputs": {
        "flake-utils": "flake-utils_4",
        "nix-github-actions": "nix-github-actions",
        "nixpkgs": [
          "pyaion",
          "nixpkgs"
        ]
      },
      "locked": {
        "lastModified": 1696512612,
        "narHash": "sha256-p6niqag7b4XEHvzWgG0X/xjoW/ZXbAxW8ggd8yReT3Y=",
        "owner": "nix-community",
        "repo": "poetry2nix",
        "rev": "e23218d1599e3369dfc878757e58974017e0ecc8",
        "type": "github"
      },
      "original": {
        "owner": "nix-community",
        "repo": "poetry2nix",
        "type": "github"
      }
    },
    "pyaion": {
      "inputs": {
        "artiq": [
          "alt_artiq"
        ],
        "flake-utils": "flake-utils_3",
        "nixpkgs": "nixpkgs",
        "poetry2nix": "poetry2nix"
      },
      "locked": {
        "lastModified": 1714383103,
        "narHash": "sha256-4ds6RjsFRbaw3QBXNWFB066Dc9IsQkojDInrJZOKk9c=",
        "ref": "refs/heads/master",
        "rev": "855a9b25ad8decab6a46b3a713d2c1fc00fbdc65",
        "revCount": 130,
        "type": "git",
        "url": "https://gitlab.com/aion-physics/code/artiq/pyaion.git"
      },
      "original": {
        "type": "git",
        "url": "https://gitlab.com/aion-physics/code/artiq/pyaion.git"
      }
    },
    "root": {
      "inputs": {
        "alt_artiq": "alt_artiq",
        "flake-utils": "flake-utils_2",
        "nixpkgs": [
          "pyaion",
          "nixpkgs"
        ],
        "pyaion": "pyaion"
      }
    },
    "sipyco": {
      "inputs": {
        "nixpkgs": [
          "alt_artiq",
          "nixpkgs"
        ]
      },
      "locked": {
        "lastModified": 1701572254,
        "narHash": "sha256-ixq8dlpyOytDr+d/OmW8v1Ioy9V2G2ibOlNj8GFDSq4=",
        "owner": "m-labs",
        "repo": "sipyco",
        "rev": "cceac0df537887135f99aa6b1bdd82853f16b4d6",
        "type": "github"
      },
      "original": {
        "owner": "m-labs",
        "repo": "sipyco",
        "type": "github"
      }
    },
    "src-migen": {
      "flake": false,
      "locked": {
        "lastModified": 1702942348,
        "narHash": "sha256-gKIfHZxsv+jcgDFRW9mPqmwqbZXuRvXefkZcSFjOGHw=",
        "owner": "m-labs",
        "repo": "migen",
        "rev": "50934ad10a87ade47219b796535978b9bdf24023",
        "type": "github"
      },
      "original": {
        "owner": "m-labs",
        "repo": "migen",
        "type": "github"
      }
    },
    "src-misoc": {
      "flake": false,
      "locked": {
        "lastModified": 1699352904,
        "narHash": "sha256-SglyTmXOPv8jJOjwAjJrj/WhAkItQfUbvKfUqrynwRg=",
        "ref": "refs/heads/master",
        "rev": "a53859f2167c31ab5225b6c09f30cf05527b94f4",
        "revCount": 2452,
        "submodules": true,
        "type": "git",
        "url": "https://github.com/m-labs/misoc.git"
      },
      "original": {
        "submodules": true,
        "type": "git",
        "url": "https://github.com/m-labs/misoc.git"
      }
    },
    "src-pythonparser": {
      "flake": false,
      "locked": {
        "lastModified": 1628745371,
        "narHash": "sha256-p6TgeeaK4NEmbhimEXp31W8hVRo4DgWmcCoqZ+UdN60=",
        "owner": "m-labs",
        "repo": "pythonparser",
        "rev": "5413ee5c9f8760e95c6acd5d6e88dabb831ad201",
        "type": "github"
      },
      "original": {
        "owner": "m-labs",
        "repo": "pythonparser",
        "type": "github"
      }
    },
    "systems": {
      "locked": {
        "lastModified": 1681028828,
        "narHash": "sha256-Vy1rq5AaRuLzOxct8nz4T6wlgyUR7zLU309k9mBC768=",
        "owner": "nix-systems",
        "repo": "default",
        "rev": "da67096a3b9bf56a91d16901293e51ba5b49a27e",
        "type": "github"
      },
      "original": {
        "owner": "nix-systems",
        "repo": "default",
        "type": "github"
      }
    },
    "systems_2": {
      "locked": {
        "lastModified": 1681028828,
        "narHash": "sha256-Vy1rq5AaRuLzOxct8nz4T6wlgyUR7zLU309k9mBC768=",
        "owner": "nix-systems",
        "repo": "default",
        "rev": "da67096a3b9bf56a91d16901293e51ba5b49a27e",
        "type": "github"
      },
      "original": {
        "owner": "nix-systems",
        "repo": "default",
        "type": "github"
      }
    },
    "systems_3": {
      "locked": {
        "lastModified": 1681028828,
        "narHash": "sha256-Vy1rq5AaRuLzOxct8nz4T6wlgyUR7zLU309k9mBC768=",
        "owner": "nix-systems",
        "repo": "default",
        "rev": "da67096a3b9bf56a91d16901293e51ba5b49a27e",
        "type": "github"
      },
      "original": {
        "owner": "nix-systems",
        "repo": "default",
        "type": "github"
      }
    },
    "systems_4": {
      "locked": {
        "lastModified": 1681028828,
        "narHash": "sha256-Vy1rq5AaRuLzOxct8nz4T6wlgyUR7zLU309k9mBC768=",
        "owner": "nix-systems",
        "repo": "default",
        "rev": "da67096a3b9bf56a91d16901293e51ba5b49a27e",
        "type": "github"
      },
      "original": {
        "owner": "nix-systems",
        "repo": "default",
        "type": "github"
      }
    }
  },
  "root": "root",
  "version": 7
}
